
Microsoft Visual Studio Solution File, Format Version 12.00
# Visual Studio Version 17
VisualStudioVersion = 17.3.32901.215
MinimumVisualStudioVersion = 10.0.40219.1
Project("{FAE04EC0-301F-11D3-BF4B-00C04F79EFBC}") = "QLTV", "QLTV\QLTV.csproj", "{BD4C9A06-B30F-4747-A1F7-F36B83C347AD}"
EndProject
Global
	GlobalSection(SolutionConfigurationPlatforms) = preSolution
		Debug|Any CPU = Debug|Any CPU
		Release|Any CPU = Release|Any CPU
	EndGlobalSection
	GlobalSection(ProjectConfigurationPlatforms) = postSolution
		{BD4C9A06-B30F-4747-A1F7-F36B83C347AD}.Debug|Any CPU.ActiveCfg = Debug|Any CPU
		{BD4C9A06-B30F-4747-A1F7-F36B83C347AD}.Debug|Any CPU.Build.0 = Debug|Any CPU
		{BD4C9A06-B30F-4747-A1F7-F36B83C347AD}.Release|Any CPU.ActiveCfg = Release|Any CPU
		{BD4C9A06-B30F-4747-A1F7-F36B83C347AD}.Release|Any CPU.Build.0 = Release|Any CPU
	EndGlobalSection
	GlobalSection(SolutionProperties) = preSolution
		HideSolutionNode = FALSE
	EndGlobalSection
	GlobalSection(ExtensibilityGlobals) = postSolution
		SolutionGuid = {FABF9072-4EE1-44E4-A64A-64EED3CA0A81}
	EndGlobalSection
EndGlobal
